
Microsoft Visual Studio Solution File, Format Version 12.00
# Visual Studio Version 17
VisualStudioVersion = 17.7.34009.444
MinimumVisualStudioVersion = 10.0.40219.1
Project("{FAE04EC0-301F-11D3-BF4B-00C04F79EFBC}") = "Contoso.WebApi", "Contoso.WebApi\Contoso.WebApi.csproj", "{88FDCBEA-61DE-4142-A5E5-241C989DBE63}"
EndProject
Project("{FAE04EC0-301F-11D3-BF4B-00C04F79EFBC}") = "Contoso.WebApi.Tests", "Contoso.WebApi.Tests\Contoso.WebApi.Tests.csproj", "{E92B6825-1C2F-4FA7-95A9-DC8B673C49C9}"
EndProject
Global
	GlobalSection(SolutionConfigurationPlatforms) = preSolution
		Debug|Any CPU = Debug|Any CPU
		Release|Any CPU = Release|Any CPU
	EndGlobalSection
	GlobalSection(ProjectConfigurationPlatforms) = postSolution
		{88FDCBEA-61DE-4142-A5E5-241C989DBE63}.Debug|Any CPU.ActiveCfg = Debug|Any CPU
		{88FDCBEA-61DE-4142-A5E5-241C989DBE63}.Debug|Any CPU.Build.0 = Debug|Any CPU
		{88FDCBEA-61DE-4142-A5E5-241C989DBE63}.Release|Any CPU.ActiveCfg = Release|Any CPU
		{88FDCBEA-61DE-4142-A5E5-241C989DBE63}.Release|Any CPU.Build.0 = Release|Any CPU
		{E92B6825-1C2F-4FA7-95A9-DC8B673C49C9}.Debug|Any CPU.ActiveCfg = Debug|Any CPU
		{E92B6825-1C2F-4FA7-95A9-DC8B673C49C9}.Debug|Any CPU.Build.0 = Debug|Any CPU
		{E92B6825-1C2F-4FA7-95A9-DC8B673C49C9}.Release|Any CPU.ActiveCfg = Release|Any CPU
		{E92B6825-1C2F-4FA7-95A9-DC8B673C49C9}.Release|Any CPU.Build.0 = Release|Any CPU
	EndGlobalSection
	GlobalSection(SolutionProperties) = preSolution
		HideSolutionNode = FALSE
	EndGlobalSection
	GlobalSection(ExtensibilityGlobals) = postSolution
		SolutionGuid = {F7A902ED-F1EE-42DF-8B6F-8D002B669DEC}
	EndGlobalSection
EndGlobal
